
Microsoft Visual Studio Solution File, Format Version 11.00
# Visual Studio 2010
Project("{FAE04EC0-301F-11D3-BF4B-00C04F79EFBC}") = "Assembly-CSharp", "Assembly-CSharp.csproj", "{5fd3a234-0715-cb9e-a1f1-8f44d38a6ec4}"
EndProject
Project("{FAE04EC0-301F-11D3-BF4B-00C04F79EFBC}") = "Assembly-CSharp-Editor", "Assembly-CSharp-Editor.csproj", "{d5761377-05f6-a6d2-8160-352bdc5c5fbf}"
EndProject
Global
	GlobalSection(SolutionConfigurationPlatforms) = preSolution
		Debug|Any CPU = Debug|Any CPU
	EndGlobalSection
	GlobalSection(ProjectConfigurationPlatforms) = postSolution
		{5fd3a234-0715-cb9e-a1f1-8f44d38a6ec4}.Debug|Any CPU.ActiveCfg = Debug|Any CPU
		{5fd3a234-0715-cb9e-a1f1-8f44d38a6ec4}.Debug|Any CPU.Build.0 = Debug|Any CPU
		{d5761377-05f6-a6d2-8160-352bdc5c5fbf}.Debug|Any CPU.ActiveCfg = Debug|Any CPU
		{d5761377-05f6-a6d2-8160-352bdc5c5fbf}.Debug|Any CPU.Build.0 = Debug|Any CPU
	EndGlobalSection
	GlobalSection(SolutionProperties) = preSolution
		HideSolutionNode = FALSE
	EndGlobalSection
EndGlobal
