
Microsoft Visual Studio Solution File, Format Version 11.00
# Visual Studio 2010
Project("{FAE04EC0-301F-11D3-BF4B-00C04F79EFBC}") = "Assembly-CSharp", "Assembly-CSharp.csproj", "{91bc4b4f-271b-eb41-b2cb-2f4d9a67dcec}"
EndProject
Project("{FAE04EC0-301F-11D3-BF4B-00C04F79EFBC}") = "Assembly-CSharp-Editor", "Assembly-CSharp-Editor.csproj", "{9076e1b5-3837-6f8c-32ae-97104a393839}"
EndProject
Global
	GlobalSection(SolutionConfigurationPlatforms) = preSolution
		Debug|Any CPU = Debug|Any CPU
	EndGlobalSection
	GlobalSection(ProjectConfigurationPlatforms) = postSolution
		{91bc4b4f-271b-eb41-b2cb-2f4d9a67dcec}.Debug|Any CPU.ActiveCfg = Debug|Any CPU
		{91bc4b4f-271b-eb41-b2cb-2f4d9a67dcec}.Debug|Any CPU.Build.0 = Debug|Any CPU
		{9076e1b5-3837-6f8c-32ae-97104a393839}.Debug|Any CPU.ActiveCfg = Debug|Any CPU
		{9076e1b5-3837-6f8c-32ae-97104a393839}.Debug|Any CPU.Build.0 = Debug|Any CPU
	EndGlobalSection
	GlobalSection(SolutionProperties) = preSolution
		HideSolutionNode = FALSE
	EndGlobalSection
EndGlobal
